lockfileVersion: 5.4

importers:

  .:
    specifiers: {}

  ../../packages/tsconfig-rig:
    specifiers:
      '@tsconfig/node18': ~18.2.2
      '@tsconfig/strictest': ~2.0.2
    devDependencies:
      '@tsconfig/node18': 18.2.2
      '@tsconfig/strictest': 2.0.2

packages:

  /@tsconfig/node18/18.2.2:
    resolution: {integrity: sha512-d6McJeGsuoRlwWZmVIeE8CUA27lu6jLjvv1JzqmpsytOYYbVi1tHZEnwCNVOXnj4pyLvneZlFlpXUK+X9wBWyw==}
    dev: true

  /@tsconfig/strictest/2.0.2:
    resolution: {integrity: sha512-jt4jIsWKvUvuY6adJnQJlb/UR7DdjC8CjHI/OaSQruj2yX9/K6+KOvDt/vD6udqos/FUk5Op66CvYT7TBLYO5Q==}
    dev: true
